
Microsoft Visual Studio Solution File, Format Version 12.00
# Visual Studio Version 16
VisualStudioVersion = 16.0.29920.165
MinimumVisualStudioVersion = 10.0.40219.1
Project("{FAE04EC0-301F-11D3-BF4B-00C04F79EFBC}") = "Girrafe", "Girrafe\Girrafe.csproj", "{0923952F-30D6-48E9-B8D5-0CFE5A2246BA}"
EndProject
Global
	GlobalSection(SolutionConfigurationPlatforms) = preSolution
		Debug|Any CPU = Debug|Any CPU
		Release|Any CPU = Release|Any CPU
	EndGlobalSection
	GlobalSection(ProjectConfigurationPlatforms) = postSolution
		{0923952F-30D6-48E9-B8D5-0CFE5A2246BA}.Debug|Any CPU.ActiveCfg = Debug|Any CPU
		{0923952F-30D6-48E9-B8D5-0CFE5A2246BA}.Debug|Any CPU.Build.0 = Debug|Any CPU
		{0923952F-30D6-48E9-B8D5-0CFE5A2246BA}.Release|Any CPU.ActiveCfg = Release|Any CPU
		{0923952F-30D6-48E9-B8D5-0CFE5A2246BA}.Release|Any CPU.Build.0 = Release|Any CPU
	EndGlobalSection
	GlobalSection(SolutionProperties) = preSolution
		HideSolutionNode = FALSE
	EndGlobalSection
	GlobalSection(ExtensibilityGlobals) = postSolution
		SolutionGuid = {82E4BE93-D081-45B2-AAE8-23433D1B31C3}
	EndGlobalSection
EndGlobal
